# -------------------------------------------------------------------------- #
#
# Copyright (C) 1991-2009 Altera Corporation
# Your use of Altera Corporation's design tools, logic functions 
# and other software and tools, and its AMPP partner logic 
# functions, and any output files from any of the foregoing 
# (including device programming or simulation files), and any 
# associated documentation or information are expressly subject 
# to the terms and conditions of the Altera Program License 
# Subscription Agreement, Altera MegaCore Function License 
# Agreement, or other applicable license agreement, including, 
# without limitation, that your use is for the sole purpose of 
# programming logic devices manufactured by Altera and sold by 
# Altera or its authorized distributors.  Please refer to the 
# applicable agreement for further details.
#
# -------------------------------------------------------------------------- #
#
# Quartus II
# Version 9.0 Build 132 02/25/2009 SJ Full Version
# Date created = 12:00:41  November 23, 2011
#
# -------------------------------------------------------------------------- #
#
# Notes:
#
# 1) The default values for assignments are stored in the file:
#		ADDA_assignment_defaults.qdf
#    If this file doesn't exist, see file:
#		assignment_defaults.qdf
#
# 2) Altera recommends that you do not modify this file. This
#    file is updated automatically by the Quartus II software
#    and any changes you make may be lost or overwritten.
#
# -------------------------------------------------------------------------- #


set_global_assignment -name FAMILY "Cyclone IV E"
set_global_assignment -name DEVICE EP4CE15F17C8
set_global_assignment -name TOP_LEVEL_ENTITY ADDA
set_global_assignment -name ORIGINAL_QUARTUS_VERSION 9.0
set_global_assignment -name PROJECT_CREATION_TIME_DATE "12:00:41  NOVEMBER 23, 2011"
set_global_assignment -name LAST_QUARTUS_VERSION "13.0 SP1"
set_global_assignment -name USE_GENERATED_PHYSICAL_CONSTRAINTS OFF -section_id eda_blast_fpga
set_global_assignment -name MIN_CORE_JUNCTION_TEMP 0
set_global_assignment -name MAX_CORE_JUNCTION_TEMP 85
set_global_assignment -name PARTITION_NETLIST_TYPE POST_FIT -section_id Top
set_global_assignment -name PARTITION_COLOR 16764057 -section_id Top
set_global_assignment -name LL_ROOT_REGION ON -section_id "Root Region"
set_global_assignment -name LL_MEMBER_STATE LOCKED -section_id "Root Region"
set_global_assignment -name VERILOG_FILE DA.v
set_global_assignment -name QIP_FILE SIN.qip
set_global_assignment -name BDF_FILE ADDA.bdf
set_global_assignment -name VERILOG_FILE AD.v
set_global_assignment -name QIP_FILE SIGN.qip
set_global_assignment -name SEARCH_PATH bin/ -tag from_archive
set_global_assignment -name ENABLE_INIT_DONE_OUTPUT OFF
set_global_assignment -name PARTITION_FITTER_PRESERVATION_LEVEL PLACEMENT -section_id Top
set_global_assignment -name SIGNALTAP_FILE stp1.stp
set_global_assignment -name ENABLE_SIGNALTAP ON
set_global_assignment -name USE_SIGNALTAP_FILE stp1.stp
set_global_assignment -name SLD_NODE_CREATOR_ID 110 -section_id auto_signaltap_0
set_global_assignment -name SLD_NODE_ENTITY_NAME sld_signaltap -section_id auto_signaltap_0
set_instance_assignment -name POST_FIT_CONNECT_TO_SLD_NODE_ENTITY_PORT acq_clk -to CLOCK -section_id auto_signaltap_0
set_instance_assignment -name CONNECT_TO_SLD_NODE_ENTITY_PORT acq_trigger_in[0] -to AD_CLK -section_id auto_signaltap_0
set_instance_assignment -name CONNECT_TO_SLD_NODE_ENTITY_PORT acq_trigger_in[1] -to AD_DB[0] -section_id auto_signaltap_0
set_instance_assignment -name CONNECT_TO_SLD_NODE_ENTITY_PORT acq_trigger_in[2] -to AD_DB[1] -section_id auto_signaltap_0
set_instance_assignment -name CONNECT_TO_SLD_NODE_ENTITY_PORT acq_trigger_in[3] -to AD_DB[2] -section_id auto_signaltap_0
set_instance_assignment -name CONNECT_TO_SLD_NODE_ENTITY_PORT acq_trigger_in[4] -to AD_DB[3] -section_id auto_signaltap_0
set_instance_assignment -name CONNECT_TO_SLD_NODE_ENTITY_PORT acq_trigger_in[5] -to AD_DB[4] -section_id auto_signaltap_0
set_instance_assignment -name CONNECT_TO_SLD_NODE_ENTITY_PORT acq_trigger_in[6] -to AD_DB[5] -section_id auto_signaltap_0
set_instance_assignment -name CONNECT_TO_SLD_NODE_ENTITY_PORT acq_trigger_in[7] -to AD_DB[6] -section_id auto_signaltap_0
set_instance_assignment -name CONNECT_TO_SLD_NODE_ENTITY_PORT acq_trigger_in[8] -to AD_DB[7] -section_id auto_signaltap_0
set_instance_assignment -name CONNECT_TO_SLD_NODE_ENTITY_PORT acq_data_in[0] -to AD_CLK -section_id auto_signaltap_0
set_instance_assignment -name CONNECT_TO_SLD_NODE_ENTITY_PORT acq_data_in[1] -to AD_DB[0] -section_id auto_signaltap_0
set_instance_assignment -name CONNECT_TO_SLD_NODE_ENTITY_PORT acq_data_in[2] -to AD_DB[1] -section_id auto_signaltap_0
set_instance_assignment -name CONNECT_TO_SLD_NODE_ENTITY_PORT acq_data_in[3] -to AD_DB[2] -section_id auto_signaltap_0
set_instance_assignment -name CONNECT_TO_SLD_NODE_ENTITY_PORT acq_data_in[4] -to AD_DB[3] -section_id auto_signaltap_0
set_instance_assignment -name CONNECT_TO_SLD_NODE_ENTITY_PORT acq_data_in[5] -to AD_DB[4] -section_id auto_signaltap_0
set_instance_assignment -name CONNECT_TO_SLD_NODE_ENTITY_PORT acq_data_in[6] -to AD_DB[5] -section_id auto_signaltap_0
set_instance_assignment -name CONNECT_TO_SLD_NODE_ENTITY_PORT acq_data_in[7] -to AD_DB[6] -section_id auto_signaltap_0
set_instance_assignment -name CONNECT_TO_SLD_NODE_ENTITY_PORT acq_data_in[8] -to AD_DB[7] -section_id auto_signaltap_0
set_global_assignment -name SLD_NODE_PARAMETER_ASSIGNMENT "SLD_NODE_INFO=805334528" -section_id auto_signaltap_0
set_global_assignment -name SLD_NODE_PARAMETER_ASSIGNMENT "SLD_POWER_UP_TRIGGER=0" -section_id auto_signaltap_0
set_global_assignment -name SLD_NODE_PARAMETER_ASSIGNMENT "SLD_STORAGE_QUALIFIER_INVERSION_MASK_LENGTH=0" -section_id auto_signaltap_0
set_global_assignment -name SLD_NODE_PARAMETER_ASSIGNMENT "SLD_SEGMENT_SIZE=4096" -section_id auto_signaltap_0
set_global_assignment -name SLD_NODE_PARAMETER_ASSIGNMENT "SLD_ATTRIBUTE_MEM_MODE=OFF" -section_id auto_signaltap_0
set_global_assignment -name SLD_NODE_PARAMETER_ASSIGNMENT "SLD_STATE_FLOW_USE_GENERATED=0" -section_id auto_signaltap_0
set_global_assignment -name SLD_NODE_PARAMETER_ASSIGNMENT "SLD_STATE_BITS=11" -section_id auto_signaltap_0
set_global_assignment -name SLD_NODE_PARAMETER_ASSIGNMENT "SLD_BUFFER_FULL_STOP=1" -section_id auto_signaltap_0
set_global_assignment -name SLD_NODE_PARAMETER_ASSIGNMENT "SLD_CURRENT_RESOURCE_WIDTH=1" -section_id auto_signaltap_0
set_global_assignment -name SLD_NODE_PARAMETER_ASSIGNMENT "SLD_TRIGGER_LEVEL=1" -section_id auto_signaltap_0
set_global_assignment -name SLD_NODE_PARAMETER_ASSIGNMENT "SLD_SAMPLE_DEPTH=4096" -section_id auto_signaltap_0
set_global_assignment -name SLD_NODE_PARAMETER_ASSIGNMENT "SLD_TRIGGER_IN_ENABLED=0" -section_id auto_signaltap_0
set_global_assignment -name SLD_NODE_PARAMETER_ASSIGNMENT "SLD_ADVANCED_TRIGGER_ENTITY=basic,1," -section_id auto_signaltap_0
set_global_assignment -name SLD_NODE_PARAMETER_ASSIGNMENT "SLD_TRIGGER_LEVEL_PIPELINE=1" -section_id auto_signaltap_0
set_global_assignment -name SLD_NODE_PARAMETER_ASSIGNMENT "SLD_ENABLE_ADVANCED_TRIGGER=0" -section_id auto_signaltap_0
set_global_assignment -name STRATIX_DEVICE_IO_STANDARD "2.5 V"
set_global_assignment -name USE_CONFIGURATION_DEVICE OFF
set_global_assignment -name CRC_ERROR_OPEN_DRAIN OFF
set_global_assignment -name RESERVE_ALL_UNUSED_PINS_WEAK_PULLUP "AS INPUT TRI-STATED"
set_global_assignment -name OUTPUT_IO_TIMING_NEAR_END_VMEAS "HALF VCCIO" -rise
set_global_assignment -name OUTPUT_IO_TIMING_NEAR_END_VMEAS "HALF VCCIO" -fall
set_global_assignment -name OUTPUT_IO_TIMING_FAR_END_VMEAS "HALF SIGNAL SWING" -rise
set_global_assignment -name OUTPUT_IO_TIMING_FAR_END_VMEAS "HALF SIGNAL SWING" -fall
set_location_assignment PIN_R10 -to AD_CLK
set_location_assignment PIN_T12 -to AD_DB[7]
set_location_assignment PIN_R11 -to AD_DB[6]
set_location_assignment PIN_T13 -to AD_DB[5]
set_location_assignment PIN_R12 -to AD_DB[4]
set_location_assignment PIN_T14 -to AD_DB[3]
set_location_assignment PIN_R13 -to AD_DB[2]
set_location_assignment PIN_T15 -to AD_DB[1]
set_location_assignment PIN_R14 -to AD_DB[0]
set_location_assignment PIN_A9 -to CLOCK
set_location_assignment PIN_L15 -to DA_CLK
set_location_assignment PIN_K16 -to DA_DB[7]
set_location_assignment PIN_L14 -to DA_DB[6]
set_location_assignment PIN_L16 -to DA_DB[5]
set_location_assignment PIN_N15 -to DA_DB[4]
set_location_assignment PIN_N16 -to DA_DB[3]
set_location_assignment PIN_P15 -to DA_DB[2]
set_location_assignment PIN_P16 -to DA_DB[1]
set_location_assignment PIN_K12 -to DA_DB[0]
set_location_assignment PIN_J13 -to F_NCE
set_location_assignment PIN_L11 -to SRAM_NCS
set_global_assignment -name VERILOG_FILE vpp.v
set_global_assignment -name VERILOG_FILE convert.v
set_global_assignment -name VERILOG_FILE bin2bcd.v
set_global_assignment -name VERILOG_FILE oledDriver.v
set_location_assignment PIN_D11 -to oled_clk
set_location_assignment PIN_D8 -to oled_cs
set_location_assignment PIN_E10 -to oled_data
set_location_assignment PIN_F8 -to oled_dc
set_location_assignment PIN_D9 -to oled_rst
set_instance_assignment -name POST_FIT_CONNECT_TO_SLD_NODE_ENTITY_PORT acq_trigger_in[9] -to "convert:inst5|bin_send[0]" -section_id auto_signaltap_0
set_instance_assignment -name POST_FIT_CONNECT_TO_SLD_NODE_ENTITY_PORT acq_trigger_in[10] -to "convert:inst5|bin_send[10]" -section_id auto_signaltap_0
set_instance_assignment -name POST_FIT_CONNECT_TO_SLD_NODE_ENTITY_PORT acq_trigger_in[11] -to "convert:inst5|bin_send[11]" -section_id auto_signaltap_0
set_instance_assignment -name POST_FIT_CONNECT_TO_SLD_NODE_ENTITY_PORT acq_trigger_in[12] -to "convert:inst5|bin_send[12]" -section_id auto_signaltap_0
set_instance_assignment -name POST_FIT_CONNECT_TO_SLD_NODE_ENTITY_PORT acq_trigger_in[13] -to "convert:inst5|bin_send[13]" -section_id auto_signaltap_0
set_instance_assignment -name POST_FIT_CONNECT_TO_SLD_NODE_ENTITY_PORT acq_trigger_in[14] -to "convert:inst5|bin_send[14]" -section_id auto_signaltap_0
set_instance_assignment -name POST_FIT_CONNECT_TO_SLD_NODE_ENTITY_PORT acq_trigger_in[15] -to "convert:inst5|bin_send[15]" -section_id auto_signaltap_0
set_instance_assignment -name POST_FIT_CONNECT_TO_SLD_NODE_ENTITY_PORT acq_trigger_in[16] -to "convert:inst5|bin_send[1]" -section_id auto_signaltap_0
set_instance_assignment -name POST_FIT_CONNECT_TO_SLD_NODE_ENTITY_PORT acq_trigger_in[17] -to "convert:inst5|bin_send[2]" -section_id auto_signaltap_0
set_instance_assignment -name POST_FIT_CONNECT_TO_SLD_NODE_ENTITY_PORT acq_trigger_in[18] -to "convert:inst5|bin_send[3]" -section_id auto_signaltap_0
set_instance_assignment -name POST_FIT_CONNECT_TO_SLD_NODE_ENTITY_PORT acq_trigger_in[19] -to "convert:inst5|bin_send[4]" -section_id auto_signaltap_0
set_instance_assignment -name POST_FIT_CONNECT_TO_SLD_NODE_ENTITY_PORT acq_trigger_in[20] -to "convert:inst5|bin_send[5]" -section_id auto_signaltap_0
set_instance_assignment -name POST_FIT_CONNECT_TO_SLD_NODE_ENTITY_PORT acq_trigger_in[21] -to "convert:inst5|bin_send[6]" -section_id auto_signaltap_0
set_instance_assignment -name POST_FIT_CONNECT_TO_SLD_NODE_ENTITY_PORT acq_trigger_in[22] -to "convert:inst5|bin_send[7]" -section_id auto_signaltap_0
set_instance_assignment -name POST_FIT_CONNECT_TO_SLD_NODE_ENTITY_PORT acq_trigger_in[23] -to "convert:inst5|bin_send[8]" -section_id auto_signaltap_0
set_instance_assignment -name POST_FIT_CONNECT_TO_SLD_NODE_ENTITY_PORT acq_trigger_in[24] -to "convert:inst5|bin_send[9]" -section_id auto_signaltap_0
set_instance_assignment -name POST_FIT_CONNECT_TO_SLD_NODE_ENTITY_PORT acq_trigger_in[25] -to "vpp:inst4|vol_max[0]" -section_id auto_signaltap_0
set_instance_assignment -name POST_FIT_CONNECT_TO_SLD_NODE_ENTITY_PORT acq_trigger_in[26] -to "vpp:inst4|vol_max[1]" -section_id auto_signaltap_0
set_instance_assignment -name POST_FIT_CONNECT_TO_SLD_NODE_ENTITY_PORT acq_trigger_in[27] -to "vpp:inst4|vol_max[2]" -section_id auto_signaltap_0
set_instance_assignment -name POST_FIT_CONNECT_TO_SLD_NODE_ENTITY_PORT acq_trigger_in[28] -to "vpp:inst4|vol_max[3]" -section_id auto_signaltap_0
set_instance_assignment -name POST_FIT_CONNECT_TO_SLD_NODE_ENTITY_PORT acq_trigger_in[29] -to "vpp:inst4|vol_max[4]" -section_id auto_signaltap_0
set_instance_assignment -name POST_FIT_CONNECT_TO_SLD_NODE_ENTITY_PORT acq_trigger_in[30] -to "vpp:inst4|vol_max[5]" -section_id auto_signaltap_0
set_instance_assignment -name POST_FIT_CONNECT_TO_SLD_NODE_ENTITY_PORT acq_trigger_in[31] -to "vpp:inst4|vol_max[6]" -section_id auto_signaltap_0
set_instance_assignment -name POST_FIT_CONNECT_TO_SLD_NODE_ENTITY_PORT acq_trigger_in[32] -to "vpp:inst4|vol_max[7]" -section_id auto_signaltap_0
set_instance_assignment -name POST_FIT_CONNECT_TO_SLD_NODE_ENTITY_PORT acq_trigger_in[33] -to "vpp:inst4|vol_min[0]" -section_id auto_signaltap_0
set_instance_assignment -name POST_FIT_CONNECT_TO_SLD_NODE_ENTITY_PORT acq_trigger_in[34] -to "vpp:inst4|vol_min[1]" -section_id auto_signaltap_0
set_instance_assignment -name POST_FIT_CONNECT_TO_SLD_NODE_ENTITY_PORT acq_trigger_in[35] -to "vpp:inst4|vol_min[2]" -section_id auto_signaltap_0
set_instance_assignment -name POST_FIT_CONNECT_TO_SLD_NODE_ENTITY_PORT acq_trigger_in[36] -to "vpp:inst4|vol_min[3]" -section_id auto_signaltap_0
set_instance_assignment -name POST_FIT_CONNECT_TO_SLD_NODE_ENTITY_PORT acq_trigger_in[37] -to "vpp:inst4|vol_min[4]" -section_id auto_signaltap_0
set_instance_assignment -name POST_FIT_CONNECT_TO_SLD_NODE_ENTITY_PORT acq_trigger_in[38] -to "vpp:inst4|vol_min[5]" -section_id auto_signaltap_0
set_instance_assignment -name POST_FIT_CONNECT_TO_SLD_NODE_ENTITY_PORT acq_trigger_in[39] -to "vpp:inst4|vol_min[6]" -section_id auto_signaltap_0
set_instance_assignment -name POST_FIT_CONNECT_TO_SLD_NODE_ENTITY_PORT acq_trigger_in[40] -to "vpp:inst4|vol_min[7]" -section_id auto_signaltap_0
set_instance_assignment -name POST_FIT_CONNECT_TO_SLD_NODE_ENTITY_PORT acq_data_in[9] -to "convert:inst5|bin_send[0]" -section_id auto_signaltap_0
set_instance_assignment -name POST_FIT_CONNECT_TO_SLD_NODE_ENTITY_PORT acq_data_in[10] -to "convert:inst5|bin_send[10]" -section_id auto_signaltap_0
set_instance_assignment -name POST_FIT_CONNECT_TO_SLD_NODE_ENTITY_PORT acq_data_in[11] -to "convert:inst5|bin_send[11]" -section_id auto_signaltap_0
set_instance_assignment -name POST_FIT_CONNECT_TO_SLD_NODE_ENTITY_PORT acq_data_in[12] -to "convert:inst5|bin_send[12]" -section_id auto_signaltap_0
set_instance_assignment -name POST_FIT_CONNECT_TO_SLD_NODE_ENTITY_PORT acq_data_in[13] -to "convert:inst5|bin_send[13]" -section_id auto_signaltap_0
set_instance_assignment -name POST_FIT_CONNECT_TO_SLD_NODE_ENTITY_PORT acq_data_in[14] -to "convert:inst5|bin_send[14]" -section_id auto_signaltap_0
set_instance_assignment -name POST_FIT_CONNECT_TO_SLD_NODE_ENTITY_PORT acq_data_in[15] -to "convert:inst5|bin_send[15]" -section_id auto_signaltap_0
set_instance_assignment -name POST_FIT_CONNECT_TO_SLD_NODE_ENTITY_PORT acq_data_in[16] -to "convert:inst5|bin_send[1]" -section_id auto_signaltap_0
set_instance_assignment -name POST_FIT_CONNECT_TO_SLD_NODE_ENTITY_PORT acq_data_in[17] -to "convert:inst5|bin_send[2]" -section_id auto_signaltap_0
set_instance_assignment -name POST_FIT_CONNECT_TO_SLD_NODE_ENTITY_PORT acq_data_in[18] -to "convert:inst5|bin_send[3]" -section_id auto_signaltap_0
set_instance_assignment -name POST_FIT_CONNECT_TO_SLD_NODE_ENTITY_PORT acq_data_in[19] -to "convert:inst5|bin_send[4]" -section_id auto_signaltap_0
set_instance_assignment -name POST_FIT_CONNECT_TO_SLD_NODE_ENTITY_PORT acq_data_in[20] -to "convert:inst5|bin_send[5]" -section_id auto_signaltap_0
set_instance_assignment -name POST_FIT_CONNECT_TO_SLD_NODE_ENTITY_PORT acq_data_in[21] -to "convert:inst5|bin_send[6]" -section_id auto_signaltap_0
set_instance_assignment -name POST_FIT_CONNECT_TO_SLD_NODE_ENTITY_PORT acq_data_in[22] -to "convert:inst5|bin_send[7]" -section_id auto_signaltap_0
set_instance_assignment -name POST_FIT_CONNECT_TO_SLD_NODE_ENTITY_PORT acq_data_in[23] -to "convert:inst5|bin_send[8]" -section_id auto_signaltap_0
set_instance_assignment -name POST_FIT_CONNECT_TO_SLD_NODE_ENTITY_PORT acq_data_in[24] -to "convert:inst5|bin_send[9]" -section_id auto_signaltap_0
set_instance_assignment -name POST_FIT_CONNECT_TO_SLD_NODE_ENTITY_PORT acq_data_in[25] -to "vpp:inst4|vol_max[0]" -section_id auto_signaltap_0
set_instance_assignment -name POST_FIT_CONNECT_TO_SLD_NODE_ENTITY_PORT acq_data_in[26] -to "vpp:inst4|vol_max[1]" -section_id auto_signaltap_0
set_instance_assignment -name POST_FIT_CONNECT_TO_SLD_NODE_ENTITY_PORT acq_data_in[27] -to "vpp:inst4|vol_max[2]" -section_id auto_signaltap_0
set_instance_assignment -name POST_FIT_CONNECT_TO_SLD_NODE_ENTITY_PORT acq_data_in[28] -to "vpp:inst4|vol_max[3]" -section_id auto_signaltap_0
set_instance_assignment -name POST_FIT_CONNECT_TO_SLD_NODE_ENTITY_PORT acq_data_in[29] -to "vpp:inst4|vol_max[4]" -section_id auto_signaltap_0
set_instance_assignment -name POST_FIT_CONNECT_TO_SLD_NODE_ENTITY_PORT acq_data_in[30] -to "vpp:inst4|vol_max[5]" -section_id auto_signaltap_0
set_instance_assignment -name POST_FIT_CONNECT_TO_SLD_NODE_ENTITY_PORT acq_data_in[31] -to "vpp:inst4|vol_max[6]" -section_id auto_signaltap_0
set_instance_assignment -name POST_FIT_CONNECT_TO_SLD_NODE_ENTITY_PORT acq_data_in[32] -to "vpp:inst4|vol_max[7]" -section_id auto_signaltap_0
set_instance_assignment -name POST_FIT_CONNECT_TO_SLD_NODE_ENTITY_PORT acq_data_in[33] -to "vpp:inst4|vol_min[0]" -section_id auto_signaltap_0
set_instance_assignment -name POST_FIT_CONNECT_TO_SLD_NODE_ENTITY_PORT acq_data_in[34] -to "vpp:inst4|vol_min[1]" -section_id auto_signaltap_0
set_instance_assignment -name POST_FIT_CONNECT_TO_SLD_NODE_ENTITY_PORT acq_data_in[35] -to "vpp:inst4|vol_min[2]" -section_id auto_signaltap_0
set_instance_assignment -name POST_FIT_CONNECT_TO_SLD_NODE_ENTITY_PORT acq_data_in[36] -to "vpp:inst4|vol_min[3]" -section_id auto_signaltap_0
set_instance_assignment -name POST_FIT_CONNECT_TO_SLD_NODE_ENTITY_PORT acq_data_in[37] -to "vpp:inst4|vol_min[4]" -section_id auto_signaltap_0
set_instance_assignment -name POST_FIT_CONNECT_TO_SLD_NODE_ENTITY_PORT acq_data_in[38] -to "vpp:inst4|vol_min[5]" -section_id auto_signaltap_0
set_instance_assignment -name POST_FIT_CONNECT_TO_SLD_NODE_ENTITY_PORT acq_data_in[39] -to "vpp:inst4|vol_min[6]" -section_id auto_signaltap_0
set_instance_assignment -name POST_FIT_CONNECT_TO_SLD_NODE_ENTITY_PORT acq_data_in[40] -to "vpp:inst4|vol_min[7]" -section_id auto_signaltap_0
set_global_assignment -name SLD_NODE_PARAMETER_ASSIGNMENT "SLD_DATA_BITS=41" -section_id auto_signaltap_0
set_global_assignment -name SLD_NODE_PARAMETER_ASSIGNMENT "SLD_TRIGGER_BITS=41" -section_id auto_signaltap_0
set_global_assignment -name SLD_NODE_PARAMETER_ASSIGNMENT "SLD_INVERSION_MASK=00000000000000000000000000000000000000000000000000000000000000000000000000000000000000000000000000000000000000000000000000000000000000000000000000000" -section_id auto_signaltap_0
set_global_assignment -name SLD_NODE_PARAMETER_ASSIGNMENT "SLD_INVERSION_MASK_LENGTH=149" -section_id auto_signaltap_0
set_global_assignment -name SLD_NODE_PARAMETER_ASSIGNMENT "SLD_NODE_CRC_LOWORD=59350" -section_id auto_signaltap_0
set_global_assignment -name SLD_NODE_PARAMETER_ASSIGNMENT "SLD_NODE_CRC_HIWORD=45559" -section_id auto_signaltap_0
set_instance_assignment -name PARTITION_HIERARCHY root_partition -to | -section_id Top
set_global_assignment -name SLD_FILE "C:/Users/31674/Desktop/a/AD_DA/TEST_a/stp1_auto_stripped.stp"